{
	"name": "smart-server",
	"lockfileVersion": 3,
	"requires": true,
	"packages": {
		"": {
			"name": "smart-server",
			"dependencies": {
				"@elysiajs/cors": "^1.1.1",
				"@elysiajs/server-timing": "^1.1.0",
				"@elysiajs/static": "^1.1.1",
				"@openai/realtime-api-beta": "github:awakcon1234/openai-realtime-api-beta",
				"@types/axios": "^0.14.4",
				"@types/dotenv": "^8.2.3",
				"@types/node": "^22.9.0",
				"@types/password-hash-and-salt": "^0.1.2",
				"@types/sequelize": "^4.28.20",
				"@types/signale": "^1.4.7",
				"chokidar-cli": "^3.0.0",
				"cron": "^3.2.1",
				"elysia": "^1.1.25",
				"gridstack": "^11.1.0",
				"moment": "^2.30.1",
				"mysql2": "^3.11.4",
				"password-hash-and-salt": "^0.1.4",
				"sass": "^1.81.0",
				"sequelize": "^6.37.5",
				"signale": "^1.4.0"
			},
			"devDependencies": {
				"@types/bun": "latest",
				"ts-node": "^10.9.2"
			},
			"peerDependencies": {
				"typescript": "^5.6.3"
			}
		},
		"node_modules/@cspotcode/source-map-support": {
			"version": "0.8.1",
			"dev": true,
			"license": "MIT",
			"dependencies": {
				"@jridgewell/trace-mapping": "0.3.9"
			},
			"engines": {
				"node": ">=12"
			}
		},
		"node_modules/@elysiajs/cors": {
			"version": "1.1.1",
			"license": "MIT",
			"peerDependencies": {
				"elysia": ">= 1.1.0"
			}
		},
		"node_modules/@elysiajs/server-timing": {
			"version": "1.1.0",
			"license": "MIT",
			"peerDependencies": {
				"elysia": ">= 1.1.0"
			}
		},
		"node_modules/@elysiajs/static": {
			"version": "1.1.1",
			"license": "MIT",
			"dependencies": {
				"node-cache": "^5.1.2"
			},
			"peerDependencies": {
				"elysia": ">= 1.1.0"
			}
		},
		"node_modules/@jridgewell/resolve-uri": {
			"version": "3.1.2",
			"dev": true,
			"license": "MIT",
			"engines": {
				"node": ">=6.0.0"
			}
		},
		"node_modules/@jridgewell/sourcemap-codec": {
			"version": "1.5.0",
			"dev": true,
			"license": "MIT"
		},
		"node_modules/@jridgewell/trace-mapping": {
			"version": "0.3.9",
			"dev": true,
			"license": "MIT",
			"dependencies": {
				"@jridgewell/resolve-uri": "^3.0.3",
				"@jridgewell/sourcemap-codec": "^1.4.10"
			}
		},
		"node_modules/@openai/realtime-api-beta": {
			"version": "0.0.0",
			"resolved": "git+ssh://git@github.com/awakcon1234/openai-realtime-api-beta.git#23e657f4b8eba983b779994654b4c638634f6d56",
			"license": "MIT",
			"dependencies": {
				"ws": "^8.18.0"
			}
		},
		"node_modules/@parcel/watcher": {
			"version": "2.5.0",
			"hasInstallScript": true,
			"license": "MIT",
			"optional": true,
			"dependencies": {
				"detect-libc": "^1.0.3",
				"is-glob": "^4.0.3",
				"micromatch": "^4.0.5",
				"node-addon-api": "^7.0.0"
			},
			"engines": {
				"node": ">= 10.0.0"
			},
			"funding": {
				"type": "opencollective",
				"url": "https://opencollective.com/parcel"
			},
			"optionalDependencies": {
				"@parcel/watcher-android-arm64": "2.5.0",
				"@parcel/watcher-darwin-arm64": "2.5.0",
				"@parcel/watcher-darwin-x64": "2.5.0",
				"@parcel/watcher-freebsd-x64": "2.5.0",
				"@parcel/watcher-linux-arm-glibc": "2.5.0",
				"@parcel/watcher-linux-arm-musl": "2.5.0",
				"@parcel/watcher-linux-arm64-glibc": "2.5.0",
				"@parcel/watcher-linux-arm64-musl": "2.5.0",
				"@parcel/watcher-linux-x64-glibc": "2.5.0",
				"@parcel/watcher-linux-x64-musl": "2.5.0",
				"@parcel/watcher-win32-arm64": "2.5.0",
				"@parcel/watcher-win32-ia32": "2.5.0",
				"@parcel/watcher-win32-x64": "2.5.0"
			}
		},
		"node_modules/@parcel/watcher-win32-x64": {
			"version": "2.5.0",
			"cpu": [
				"x64"
			],
			"license": "MIT",
			"optional": true,
			"os": [
				"win32"
			],
			"engines": {
				"node": ">= 10.0.0"
			},
			"funding": {
				"type": "opencollective",
				"url": "https://opencollective.com/parcel"
			}
		},
		"node_modules/@sinclair/typebox": {
			"version": "0.32.34",
			"license": "MIT"
		},
		"node_modules/@tsconfig/node10": {
			"version": "1.0.11",
			"dev": true,
			"license": "MIT"
		},
		"node_modules/@tsconfig/node12": {
			"version": "1.0.11",
			"dev": true,
			"license": "MIT"
		},
		"node_modules/@tsconfig/node14": {
			"version": "1.0.3",
			"dev": true,
			"license": "MIT"
		},
		"node_modules/@tsconfig/node16": {
			"version": "1.0.4",
			"dev": true,
			"license": "MIT"
		},
		"node_modules/@types/axios": {
			"version": "0.14.4",
			"deprecated": "This is a stub types definition. axios provides its own type definitions, so you do not need this installed.",
			"license": "MIT",
			"dependencies": {
				"axios": "*"
			}
		},
		"node_modules/@types/bluebird": {
			"version": "3.5.42",
			"license": "MIT"
		},
		"node_modules/@types/bun": {
			"version": "1.1.14",
			"resolved": "https://registry.npmjs.org/@types/bun/-/bun-1.1.14.tgz",
			"integrity": "sha512-opVYiFGtO2af0dnWBdZWlioLBoxSdDO5qokaazLhq8XQtGZbY4pY3/JxY8Zdf/hEwGubbp7ErZXoN1+h2yesxA==",
			"dev": true,
			"license": "MIT",
			"dependencies": {
				"bun-types": "1.1.37"
			}
		},
		"node_modules/@types/continuation-local-storage": {
			"version": "3.2.7",
			"license": "MIT",
			"dependencies": {
				"@types/node": "*"
			}
		},
		"node_modules/@types/debug": {
			"version": "4.1.12",
			"license": "MIT",
			"dependencies": {
				"@types/ms": "*"
			}
		},
		"node_modules/@types/dotenv": {
			"version": "8.2.3",
			"deprecated": "This is a stub types definition. dotenv provides its own type definitions, so you do not need this installed.",
			"license": "MIT",
			"dependencies": {
				"dotenv": "*"
			}
		},
		"node_modules/@types/lodash": {
			"version": "4.17.13",
			"license": "MIT"
		},
		"node_modules/@types/luxon": {
			"version": "3.4.2",
			"license": "MIT"
		},
		"node_modules/@types/ms": {
			"version": "0.7.34",
			"license": "MIT"
		},
		"node_modules/@types/node": {
			"version": "22.9.0",
			"license": "MIT",
			"dependencies": {
				"undici-types": "~6.19.8"
			}
		},
		"node_modules/@types/password-hash-and-salt": {
			"version": "0.1.2",
			"license": "MIT"
		},
		"node_modules/@types/sequelize": {
			"version": "4.28.20",
			"license": "MIT",
			"dependencies": {
				"@types/bluebird": "*",
				"@types/continuation-local-storage": "*",
				"@types/lodash": "*",
				"@types/validator": "*"
			}
		},
		"node_modules/@types/signale": {
			"version": "1.4.7",
			"license": "MIT",
			"dependencies": {
				"@types/node": "*"
			}
		},
		"node_modules/@types/validator": {
			"version": "13.12.1",
			"license": "MIT"
		},
		"node_modules/@types/ws": {
			"version": "8.5.13",
			"resolved": "https://registry.npmjs.org/@types/ws/-/ws-8.5.13.tgz",
			"integrity": "sha512-osM/gWBTPKgHV8XkTunnegTRIsvF6owmf5w+JtAfOw472dptdm0dlGv4xCt6GwQRcC2XVOvvRE/0bAoQcL2QkA==",
			"dev": true,
			"license": "MIT",
			"dependencies": {
				"@types/node": "*"
			}
		},
		"node_modules/acorn": {
			"version": "8.14.0",
			"dev": true,
			"license": "MIT",
			"bin": {
				"acorn": "bin/acorn"
			},
			"engines": {
				"node": ">=0.4.0"
			}
		},
		"node_modules/acorn-walk": {
			"version": "8.3.4",
			"dev": true,
			"license": "MIT",
			"dependencies": {
				"acorn": "^8.11.0"
			},
			"engines": {
				"node": ">=0.4.0"
			}
		},
		"node_modules/ansi-regex": {
			"version": "4.1.1",
			"license": "MIT",
			"engines": {
				"node": ">=6"
			}
		},
		"node_modules/ansi-styles": {
			"version": "3.2.1",
			"license": "MIT",
			"dependencies": {
				"color-convert": "^1.9.0"
			},
			"engines": {
				"node": ">=4"
			}
		},
		"node_modules/anymatch": {
			"version": "3.1.3",
			"license": "ISC",
			"dependencies": {
				"normalize-path": "^3.0.0",
				"picomatch": "^2.0.4"
			},
			"engines": {
				"node": ">= 8"
			}
		},
		"node_modules/arg": {
			"version": "4.1.3",
			"dev": true,
			"license": "MIT"
		},
		"node_modules/asynckit": {
			"version": "0.4.0",
			"license": "MIT"
		},
		"node_modules/aws-ssl-profiles": {
			"version": "1.1.2",
			"license": "MIT",
			"engines": {
				"node": ">= 6.0.0"
			}
		},
		"node_modules/axios": {
			"version": "1.7.7",
			"license": "MIT",
			"dependencies": {
				"follow-redirects": "^1.15.6",
				"form-data": "^4.0.0",
				"proxy-from-env": "^1.1.0"
			}
		},
		"node_modules/binary-extensions": {
			"version": "2.3.0",
			"license": "MIT",
			"engines": {
				"node": ">=8"
			},
			"funding": {
				"url": "https://github.com/sponsors/sindresorhus"
			}
		},
		"node_modules/braces": {
			"version": "3.0.3",
			"license": "MIT",
			"dependencies": {
				"fill-range": "^7.1.1"
			},
			"engines": {
				"node": ">=8"
			}
		},
		"node_modules/bun-types": {
			"version": "1.1.37",
			"resolved": "https://registry.npmjs.org/bun-types/-/bun-types-1.1.37.tgz",
			"integrity": "sha512-C65lv6eBr3LPJWFZ2gswyrGZ82ljnH8flVE03xeXxKhi2ZGtFiO4isRKTKnitbSqtRAcaqYSR6djt1whI66AbA==",
			"dev": true,
			"license": "MIT",
			"dependencies": {
				"@types/node": "~20.12.8",
				"@types/ws": "~8.5.10"
			}
		},
		"node_modules/bun-types/node_modules/@types/node": {
			"version": "20.12.14",
			"resolved": "https://registry.npmjs.org/@types/node/-/node-20.12.14.tgz",
			"integrity": "sha512-scnD59RpYD91xngrQQLGkE+6UrHUPzeKZWhhjBSa3HSkwjbQc38+q3RoIVEwxQGRw3M+j5hpNAM+lgV3cVormg==",
			"dev": true,
			"license": "MIT",
			"dependencies": {
				"undici-types": "~5.26.4"
			}
		},
		"node_modules/bun-types/node_modules/undici-types": {
			"version": "5.26.5",
			"resolved": "https://registry.npmjs.org/undici-types/-/undici-types-5.26.5.tgz",
			"integrity": "sha512-JlCMO+ehdEIKqlFxk6IfVoAUVmgz7cU7zD/h9XZ0qzeosSHmUJVOzSQvvYSYWXkFXC+IfLKSIffhv0sVZup6pA==",
			"dev": true,
			"license": "MIT"
		},
		"node_modules/camelcase": {
			"version": "5.3.1",
			"license": "MIT",
			"engines": {
				"node": ">=6"
			}
		},
		"node_modules/chalk": {
			"version": "2.4.2",
			"license": "MIT",
			"dependencies": {
				"ansi-styles": "^3.2.1",
				"escape-string-regexp": "^1.0.5",
				"supports-color": "^5.3.0"
			},
			"engines": {
				"node": ">=4"
			}
		},
		"node_modules/chokidar": {
			"version": "3.6.0",
			"license": "MIT",
			"dependencies": {
				"anymatch": "~3.1.2",
				"braces": "~3.0.2",
				"glob-parent": "~5.1.2",
				"is-binary-path": "~2.1.0",
				"is-glob": "~4.0.1",
				"normalize-path": "~3.0.0",
				"readdirp": "~3.6.0"
			},
			"engines": {
				"node": ">= 8.10.0"
			},
			"funding": {
				"url": "https://paulmillr.com/funding/"
			},
			"optionalDependencies": {
				"fsevents": "~2.3.2"
			}
		},
		"node_modules/chokidar-cli": {
			"version": "3.0.0",
			"license": "MIT",
			"dependencies": {
				"chokidar": "^3.5.2",
				"lodash.debounce": "^4.0.8",
				"lodash.throttle": "^4.1.1",
				"yargs": "^13.3.0"
			},
			"bin": {
				"chokidar": "index.js"
			},
			"engines": {
				"node": ">= 8.10.0"
			}
		},
		"node_modules/cliui": {
			"version": "5.0.0",
			"license": "ISC",
			"dependencies": {
				"string-width": "^3.1.0",
				"strip-ansi": "^5.2.0",
				"wrap-ansi": "^5.1.0"
			}
		},
		"node_modules/clone": {
			"version": "2.1.2",
			"license": "MIT",
			"engines": {
				"node": ">=0.8"
			}
		},
		"node_modules/color-convert": {
			"version": "1.9.3",
			"license": "MIT",
			"dependencies": {
				"color-name": "1.1.3"
			}
		},
		"node_modules/color-name": {
			"version": "1.1.3",
			"license": "MIT"
		},
		"node_modules/combined-stream": {
			"version": "1.0.8",
			"license": "MIT",
			"dependencies": {
				"delayed-stream": "~1.0.0"
			},
			"engines": {
				"node": ">= 0.8"
			}
		},
		"node_modules/cookie": {
			"version": "1.0.1",
			"license": "MIT",
			"engines": {
				"node": ">=18"
			}
		},
		"node_modules/create-require": {
			"version": "1.1.1",
			"dev": true,
			"license": "MIT"
		},
		"node_modules/cron": {
			"version": "3.2.1",
			"license": "MIT",
			"dependencies": {
				"@types/luxon": "~3.4.0",
				"luxon": "~3.5.0"
			}
		},
		"node_modules/debug": {
			"version": "4.3.7",
			"license": "MIT",
			"dependencies": {
				"ms": "^2.1.3"
			},
			"engines": {
				"node": ">=6.0"
			},
			"peerDependenciesMeta": {
				"supports-color": {
					"optional": true
				}
			}
		},
		"node_modules/decamelize": {
			"version": "1.2.0",
			"license": "MIT",
			"engines": {
				"node": ">=0.10.0"
			}
		},
		"node_modules/delayed-stream": {
			"version": "1.0.0",
			"license": "MIT",
			"engines": {
				"node": ">=0.4.0"
			}
		},
		"node_modules/denque": {
			"version": "2.1.0",
			"license": "Apache-2.0",
			"engines": {
				"node": ">=0.10"
			}
		},
		"node_modules/detect-libc": {
			"version": "1.0.3",
			"license": "Apache-2.0",
			"optional": true,
			"bin": {
				"detect-libc": "bin/detect-libc.js"
			},
			"engines": {
				"node": ">=0.10"
			}
		},
		"node_modules/diff": {
			"version": "4.0.2",
			"dev": true,
			"license": "BSD-3-Clause",
			"engines": {
				"node": ">=0.3.1"
			}
		},
		"node_modules/dotenv": {
			"version": "16.4.5",
			"license": "BSD-2-Clause",
			"engines": {
				"node": ">=12"
			},
			"funding": {
				"url": "https://dotenvx.com"
			}
		},
		"node_modules/dottie": {
			"version": "2.0.6",
			"license": "MIT"
		},
		"node_modules/elysia": {
			"version": "1.1.25",
			"license": "MIT",
			"dependencies": {
				"@sinclair/typebox": "0.32.34",
				"cookie": "^1.0.1",
				"fast-decode-uri-component": "^1.0.1",
				"openapi-types": "^12.1.3"
			},
			"peerDependencies": {
				"@sinclair/typebox": ">= 0.32.0",
				"openapi-types": ">= 12.0.0",
				"typescript": ">= 5.0.0"
			},
			"peerDependenciesMeta": {
				"openapi-types": {
					"optional": true
				},
				"typescript": {
					"optional": true
				}
			}
		},
		"node_modules/emoji-regex": {
			"version": "7.0.3",
			"license": "MIT"
		},
		"node_modules/error-ex": {
			"version": "1.3.2",
			"license": "MIT",
			"dependencies": {
				"is-arrayish": "^0.2.1"
			}
		},
		"node_modules/escape-string-regexp": {
			"version": "1.0.5",
			"license": "MIT",
			"engines": {
				"node": ">=0.8.0"
			}
		},
		"node_modules/fast-decode-uri-component": {
			"version": "1.0.1",
			"license": "MIT"
		},
		"node_modules/figures": {
			"version": "2.0.0",
			"license": "MIT",
			"dependencies": {
				"escape-string-regexp": "^1.0.5"
			},
			"engines": {
				"node": ">=4"
			}
		},
		"node_modules/fill-range": {
			"version": "7.1.1",
			"license": "MIT",
			"dependencies": {
				"to-regex-range": "^5.0.1"
			},
			"engines": {
				"node": ">=8"
			}
		},
		"node_modules/find-up": {
			"version": "3.0.0",
			"license": "MIT",
			"dependencies": {
				"locate-path": "^3.0.0"
			},
			"engines": {
				"node": ">=6"
			}
		},
		"node_modules/follow-redirects": {
			"version": "1.15.9",
			"funding": [
				{
					"type": "individual",
					"url": "https://github.com/sponsors/RubenVerborgh"
				}
			],
			"license": "MIT",
			"engines": {
				"node": ">=4.0"
			},
			"peerDependenciesMeta": {
				"debug": {
					"optional": true
				}
			}
		},
		"node_modules/form-data": {
			"version": "4.0.1",
			"license": "MIT",
			"dependencies": {
				"asynckit": "^0.4.0",
				"combined-stream": "^1.0.8",
				"mime-types": "^2.1.12"
			},
			"engines": {
				"node": ">= 6"
			}
		},
		"node_modules/generate-function": {
			"version": "2.3.1",
			"license": "MIT",
			"dependencies": {
				"is-property": "^1.0.2"
			}
		},
		"node_modules/get-caller-file": {
			"version": "2.0.5",
			"license": "ISC",
			"engines": {
				"node": "6.* || 8.* || >= 10.*"
			}
		},
		"node_modules/glob-parent": {
			"version": "5.1.2",
			"license": "ISC",
			"dependencies": {
				"is-glob": "^4.0.1"
			},
			"engines": {
				"node": ">= 6"
			}
		},
		"node_modules/graceful-fs": {
			"version": "4.2.11",
			"license": "ISC"
		},
		"node_modules/gridstack": {
			"version": "11.1.0",
			"funding": [
				{
					"type": "paypal",
					"url": "https://www.paypal.me/alaind831"
				},
				{
					"type": "venmo",
					"url": "https://www.venmo.com/adumesny"
				}
			],
			"license": "MIT"
		},
		"node_modules/has-flag": {
			"version": "3.0.0",
			"license": "MIT",
			"engines": {
				"node": ">=4"
			}
		},
		"node_modules/iconv-lite": {
			"version": "0.6.3",
			"license": "MIT",
			"dependencies": {
				"safer-buffer": ">= 2.1.2 < 3.0.0"
			},
			"engines": {
				"node": ">=0.10.0"
			}
		},
		"node_modules/immutable": {
			"version": "5.0.2",
			"license": "MIT"
		},
		"node_modules/inflection": {
			"version": "1.13.4",
			"engines": [
				"node >= 0.4.0"
			],
			"license": "MIT"
		},
		"node_modules/is-arrayish": {
			"version": "0.2.1",
			"license": "MIT"
		},
		"node_modules/is-binary-path": {
			"version": "2.1.0",
			"license": "MIT",
			"dependencies": {
				"binary-extensions": "^2.0.0"
			},
			"engines": {
				"node": ">=8"
			}
		},
		"node_modules/is-extglob": {
			"version": "2.1.1",
			"license": "MIT",
			"engines": {
				"node": ">=0.10.0"
			}
		},
		"node_modules/is-fullwidth-code-point": {
			"version": "2.0.0",
			"license": "MIT",
			"engines": {
				"node": ">=4"
			}
		},
		"node_modules/is-glob": {
			"version": "4.0.3",
			"license": "MIT",
			"dependencies": {
				"is-extglob": "^2.1.1"
			},
			"engines": {
				"node": ">=0.10.0"
			}
		},
		"node_modules/is-number": {
			"version": "7.0.0",
			"license": "MIT",
			"engines": {
				"node": ">=0.12.0"
			}
		},
		"node_modules/is-property": {
			"version": "1.0.2",
			"license": "MIT"
		},
		"node_modules/json-parse-better-errors": {
			"version": "1.0.2",
			"license": "MIT"
		},
		"node_modules/load-json-file": {
			"version": "4.0.0",
			"license": "MIT",
			"dependencies": {
				"graceful-fs": "^4.1.2",
				"parse-json": "^4.0.0",
				"pify": "^3.0.0",
				"strip-bom": "^3.0.0"
			},
			"engines": {
				"node": ">=4"
			}
		},
		"node_modules/locate-path": {
			"version": "3.0.0",
			"license": "MIT",
			"dependencies": {
				"p-locate": "^3.0.0",
				"path-exists": "^3.0.0"
			},
			"engines": {
				"node": ">=6"
			}
		},
		"node_modules/lodash": {
			"version": "4.17.21",
			"license": "MIT"
		},
		"node_modules/lodash.debounce": {
			"version": "4.0.8",
			"license": "MIT"
		},
		"node_modules/lodash.throttle": {
			"version": "4.1.1",
			"license": "MIT"
		},
		"node_modules/long": {
			"version": "5.2.3",
			"license": "Apache-2.0"
		},
		"node_modules/lru.min": {
			"version": "1.1.1",
			"license": "MIT",
			"engines": {
				"bun": ">=1.0.0",
				"deno": ">=1.30.0",
				"node": ">=8.0.0"
			},
			"funding": {
				"type": "github",
				"url": "https://github.com/sponsors/wellwelwel"
			}
		},
		"node_modules/luxon": {
			"version": "3.5.0",
			"license": "MIT",
			"engines": {
				"node": ">=12"
			}
		},
		"node_modules/make-error": {
			"version": "1.3.6",
			"dev": true,
			"license": "ISC"
		},
		"node_modules/micromatch": {
			"version": "4.0.8",
			"license": "MIT",
			"optional": true,
			"dependencies": {
				"braces": "^3.0.3",
				"picomatch": "^2.3.1"
			},
			"engines": {
				"node": ">=8.6"
			}
		},
		"node_modules/mime-db": {
			"version": "1.52.0",
			"license": "MIT",
			"engines": {
				"node": ">= 0.6"
			}
		},
		"node_modules/mime-types": {
			"version": "2.1.35",
			"license": "MIT",
			"dependencies": {
				"mime-db": "1.52.0"
			},
			"engines": {
				"node": ">= 0.6"
			}
		},
		"node_modules/moment": {
			"version": "2.30.1",
			"license": "MIT",
			"engines": {
				"node": "*"
			}
		},
		"node_modules/moment-timezone": {
			"version": "0.5.45",
			"license": "MIT",
			"dependencies": {
				"moment": "^2.29.4"
			},
			"engines": {
				"node": "*"
			}
		},
		"node_modules/ms": {
			"version": "2.1.3",
			"license": "MIT"
		},
		"node_modules/mysql2": {
			"version": "3.11.4",
			"license": "MIT",
			"dependencies": {
				"aws-ssl-profiles": "^1.1.1",
				"denque": "^2.1.0",
				"generate-function": "^2.3.1",
				"iconv-lite": "^0.6.3",
				"long": "^5.2.1",
				"lru.min": "^1.0.0",
				"named-placeholders": "^1.1.3",
				"seq-queue": "^0.0.5",
				"sqlstring": "^2.3.2"
			},
			"engines": {
				"node": ">= 8.0"
			}
		},
		"node_modules/named-placeholders": {
			"version": "1.1.3",
			"license": "MIT",
			"dependencies": {
				"lru-cache": "^7.14.1"
			},
			"engines": {
				"node": ">=12.0.0"
			}
		},
		"node_modules/named-placeholders/node_modules/lru-cache": {
			"version": "7.18.3",
			"license": "ISC",
			"engines": {
				"node": ">=12"
			}
		},
		"node_modules/node-addon-api": {
			"version": "7.1.1",
			"license": "MIT",
			"optional": true
		},
		"node_modules/node-cache": {
			"version": "5.1.2",
			"license": "MIT",
			"dependencies": {
				"clone": "2.x"
			},
			"engines": {
				"node": ">= 8.0.0"
			}
		},
		"node_modules/normalize-path": {
			"version": "3.0.0",
			"license": "MIT",
			"engines": {
				"node": ">=0.10.0"
			}
		},
		"node_modules/openapi-types": {
			"version": "12.1.3",
			"license": "MIT"
		},
		"node_modules/p-limit": {
			"version": "2.3.0",
			"license": "MIT",
			"dependencies": {
				"p-try": "^2.0.0"
			},
			"engines": {
				"node": ">=6"
			},
			"funding": {
				"url": "https://github.com/sponsors/sindresorhus"
			}
		},
		"node_modules/p-locate": {
			"version": "3.0.0",
			"license": "MIT",
			"dependencies": {
				"p-limit": "^2.0.0"
			},
			"engines": {
				"node": ">=6"
			}
		},
		"node_modules/p-try": {
			"version": "2.2.0",
			"license": "MIT",
			"engines": {
				"node": ">=6"
			}
		},
		"node_modules/parse-json": {
			"version": "4.0.0",
			"license": "MIT",
			"dependencies": {
				"error-ex": "^1.3.1",
				"json-parse-better-errors": "^1.0.1"
			},
			"engines": {
				"node": ">=4"
			}
		},
		"node_modules/password-hash-and-salt": {
			"version": "0.1.4",
			"license": "MIT"
		},
		"node_modules/path-exists": {
			"version": "3.0.0",
			"license": "MIT",
			"engines": {
				"node": ">=4"
			}
		},
		"node_modules/pg-connection-string": {
			"version": "2.6.4",
			"license": "MIT"
		},
		"node_modules/picomatch": {
			"version": "2.3.1",
			"license": "MIT",
			"engines": {
				"node": ">=8.6"
			},
			"funding": {
				"url": "https://github.com/sponsors/jonschlinkert"
			}
		},
		"node_modules/pify": {
			"version": "3.0.0",
			"license": "MIT",
			"engines": {
				"node": ">=4"
			}
		},
		"node_modules/pkg-conf": {
			"version": "2.1.0",
			"license": "MIT",
			"dependencies": {
				"find-up": "^2.0.0",
				"load-json-file": "^4.0.0"
			},
			"engines": {
				"node": ">=4"
			}
		},
		"node_modules/pkg-conf/node_modules/find-up": {
			"version": "2.1.0",
			"license": "MIT",
			"dependencies": {
				"locate-path": "^2.0.0"
			},
			"engines": {
				"node": ">=4"
			}
		},
		"node_modules/pkg-conf/node_modules/find-up/node_modules/locate-path": {
			"version": "2.0.0",
			"license": "MIT",
			"dependencies": {
				"p-locate": "^2.0.0",
				"path-exists": "^3.0.0"
			},
			"engines": {
				"node": ">=4"
			}
		},
		"node_modules/pkg-conf/node_modules/find-up/node_modules/locate-path/node_modules/p-locate": {
			"version": "2.0.0",
			"license": "MIT",
			"dependencies": {
				"p-limit": "^1.1.0"
			},
			"engines": {
				"node": ">=4"
			}
		},
		"node_modules/pkg-conf/node_modules/find-up/node_modules/locate-path/node_modules/p-locate/node_modules/p-limit": {
			"version": "1.3.0",
			"license": "MIT",
			"dependencies": {
				"p-try": "^1.0.0"
			},
			"engines": {
				"node": ">=4"
			}
		},
		"node_modules/pkg-conf/node_modules/find-up/node_modules/locate-path/node_modules/p-locate/node_modules/p-limit/node_modules/p-try": {
			"version": "1.0.0",
			"license": "MIT",
			"engines": {
				"node": ">=4"
			}
		},
		"node_modules/proxy-from-env": {
			"version": "1.1.0",
			"license": "MIT"
		},
		"node_modules/readdirp": {
			"version": "3.6.0",
			"license": "MIT",
			"dependencies": {
				"picomatch": "^2.2.1"
			},
			"engines": {
				"node": ">=8.10.0"
			}
		},
		"node_modules/require-directory": {
			"version": "2.1.1",
			"license": "MIT",
			"engines": {
				"node": ">=0.10.0"
			}
		},
		"node_modules/require-main-filename": {
			"version": "2.0.0",
			"license": "ISC"
		},
		"node_modules/retry-as-promised": {
			"version": "7.0.4",
			"license": "MIT"
		},
		"node_modules/safer-buffer": {
			"version": "2.1.2",
			"license": "MIT"
		},
		"node_modules/sass": {
			"version": "1.81.0",
			"license": "MIT",
			"dependencies": {
				"chokidar": "^4.0.0",
				"immutable": "^5.0.2",
				"source-map-js": ">=0.6.2 <2.0.0"
			},
			"bin": {
				"sass": "sass.js"
			},
			"engines": {
				"node": ">=14.0.0"
			},
			"optionalDependencies": {
				"@parcel/watcher": "^2.4.1"
			}
		},
		"node_modules/sass/node_modules/chokidar": {
			"version": "4.0.1",
			"license": "MIT",
			"dependencies": {
				"readdirp": "^4.0.1"
			},
			"engines": {
				"node": ">= 14.16.0"
			},
			"funding": {
				"url": "https://paulmillr.com/funding/"
			}
		},
		"node_modules/sass/node_modules/chokidar/node_modules/readdirp": {
			"version": "4.0.2",
			"license": "MIT",
			"engines": {
				"node": ">= 14.16.0"
			},
			"funding": {
				"type": "individual",
				"url": "https://paulmillr.com/funding/"
			}
		},
		"node_modules/semver": {
			"version": "7.6.3",
			"license": "ISC",
			"bin": {
				"semver": "bin/semver.js"
			},
			"engines": {
				"node": ">=10"
			}
		},
		"node_modules/seq-queue": {
			"version": "0.0.5"
		},
		"node_modules/sequelize": {
			"version": "6.37.5",
			"funding": [
				{
					"type": "opencollective",
					"url": "https://opencollective.com/sequelize"
				}
			],
			"license": "MIT",
			"dependencies": {
				"@types/debug": "^4.1.8",
				"@types/validator": "^13.7.17",
				"debug": "^4.3.4",
				"dottie": "^2.0.6",
				"inflection": "^1.13.4",
				"lodash": "^4.17.21",
				"moment": "^2.29.4",
				"moment-timezone": "^0.5.43",
				"pg-connection-string": "^2.6.1",
				"retry-as-promised": "^7.0.4",
				"semver": "^7.5.4",
				"sequelize-pool": "^7.1.0",
				"toposort-class": "^1.0.1",
				"uuid": "^8.3.2",
				"validator": "^13.9.0",
				"wkx": "^0.5.0"
			},
			"engines": {
				"node": ">=10.0.0"
			},
			"peerDependenciesMeta": {
				"ibm_db": {
					"optional": true
				},
				"mariadb": {
					"optional": true
				},
				"mysql2": {
					"optional": true
				},
				"oracledb": {
					"optional": true
				},
				"pg": {
					"optional": true
				},
				"pg-hstore": {
					"optional": true
				},
				"snowflake-sdk": {
					"optional": true
				},
				"sqlite3": {
					"optional": true
				},
				"tedious": {
					"optional": true
				}
			}
		},
		"node_modules/sequelize-pool": {
			"version": "7.1.0",
			"license": "MIT",
			"engines": {
				"node": ">= 10.0.0"
			}
		},
		"node_modules/set-blocking": {
			"version": "2.0.0",
			"license": "ISC"
		},
		"node_modules/signale": {
			"version": "1.4.0",
			"license": "MIT",
			"dependencies": {
				"chalk": "^2.3.2",
				"figures": "^2.0.0",
				"pkg-conf": "^2.1.0"
			},
			"engines": {
				"node": ">=6"
			}
		},
		"node_modules/source-map-js": {
			"version": "1.2.1",
			"license": "BSD-3-Clause",
			"engines": {
				"node": ">=0.10.0"
			}
		},
		"node_modules/sqlstring": {
			"version": "2.3.3",
			"license": "MIT",
			"engines": {
				"node": ">= 0.6"
			}
		},
		"node_modules/string-width": {
			"version": "3.1.0",
			"license": "MIT",
			"dependencies": {
				"emoji-regex": "^7.0.1",
				"is-fullwidth-code-point": "^2.0.0",
				"strip-ansi": "^5.1.0"
			},
			"engines": {
				"node": ">=6"
			}
		},
		"node_modules/strip-ansi": {
			"version": "5.2.0",
			"license": "MIT",
			"dependencies": {
				"ansi-regex": "^4.1.0"
			},
			"engines": {
				"node": ">=6"
			}
		},
		"node_modules/strip-bom": {
			"version": "3.0.0",
			"license": "MIT",
			"engines": {
				"node": ">=4"
			}
		},
		"node_modules/supports-color": {
			"version": "5.5.0",
			"license": "MIT",
			"dependencies": {
				"has-flag": "^3.0.0"
			},
			"engines": {
				"node": ">=4"
			}
		},
		"node_modules/to-regex-range": {
			"version": "5.0.1",
			"license": "MIT",
			"dependencies": {
				"is-number": "^7.0.0"
			},
			"engines": {
				"node": ">=8.0"
			}
		},
		"node_modules/toposort-class": {
			"version": "1.0.1",
			"license": "MIT"
		},
		"node_modules/ts-node": {
			"version": "10.9.2",
			"dev": true,
			"license": "MIT",
			"dependencies": {
				"@cspotcode/source-map-support": "^0.8.0",
				"@tsconfig/node10": "^1.0.7",
				"@tsconfig/node12": "^1.0.7",
				"@tsconfig/node14": "^1.0.0",
				"@tsconfig/node16": "^1.0.2",
				"acorn": "^8.4.1",
				"acorn-walk": "^8.1.1",
				"arg": "^4.1.0",
				"create-require": "^1.1.0",
				"diff": "^4.0.1",
				"make-error": "^1.1.1",
				"v8-compile-cache-lib": "^3.0.1",
				"yn": "3.1.1"
			},
			"bin": {
				"ts-node": "dist/bin.js",
				"ts-node-cwd": "dist/bin-cwd.js",
				"ts-node-esm": "dist/bin-esm.js",
				"ts-node-script": "dist/bin-script.js",
				"ts-node-transpile-only": "dist/bin-transpile.js",
				"ts-script": "dist/bin-script-deprecated.js"
			},
			"peerDependencies": {
				"@swc/core": ">=1.2.50",
				"@swc/wasm": ">=1.2.50",
				"@types/node": "*",
				"typescript": ">=2.7"
			},
			"peerDependenciesMeta": {
				"@swc/core": {
					"optional": true
				},
				"@swc/wasm": {
					"optional": true
				}
			}
		},
		"node_modules/typescript": {
			"version": "5.6.3",
			"license": "Apache-2.0",
			"peer": true,
			"bin": {
				"tsc": "bin/tsc",
				"tsserver": "bin/tsserver"
			},
			"engines": {
				"node": ">=14.17"
			}
		},
		"node_modules/undici-types": {
			"version": "6.19.8",
			"license": "MIT"
		},
		"node_modules/uuid": {
			"version": "8.3.2",
			"license": "MIT",
			"bin": {
				"uuid": "dist/bin/uuid"
			}
		},
		"node_modules/v8-compile-cache-lib": {
			"version": "3.0.1",
			"dev": true,
			"license": "MIT"
		},
		"node_modules/validator": {
			"version": "13.12.0",
			"license": "MIT",
			"engines": {
				"node": ">= 0.10"
			}
		},
		"node_modules/which-module": {
			"version": "2.0.1",
			"license": "ISC"
		},
		"node_modules/wkx": {
			"version": "0.5.0",
			"license": "MIT",
			"dependencies": {
				"@types/node": "*"
			}
		},
		"node_modules/wkx/node_modules/@types/node": {
			"version": "20.12.14",
			"license": "MIT",
			"dependencies": {
				"undici-types": "~5.26.4"
			}
		},
		"node_modules/wkx/node_modules/@types/node/node_modules/undici-types": {
			"version": "5.26.5",
			"license": "MIT"
		},
		"node_modules/wrap-ansi": {
			"version": "5.1.0",
			"license": "MIT",
			"dependencies": {
				"ansi-styles": "^3.2.0",
				"string-width": "^3.0.0",
				"strip-ansi": "^5.0.0"
			},
			"engines": {
				"node": ">=6"
			}
		},
		"node_modules/ws": {
			"version": "8.18.0",
			"license": "MIT",
			"engines": {
				"node": ">=10.0.0"
			},
			"peerDependencies": {
				"bufferutil": "^4.0.1",
				"utf-8-validate": ">=5.0.2"
			},
			"peerDependenciesMeta": {
				"bufferutil": {
					"optional": true
				},
				"utf-8-validate": {
					"optional": true
				}
			}
		},
		"node_modules/y18n": {
			"version": "4.0.3",
			"license": "ISC"
		},
		"node_modules/yargs": {
			"version": "13.3.2",
			"license": "MIT",
			"dependencies": {
				"cliui": "^5.0.0",
				"find-up": "^3.0.0",
				"get-caller-file": "^2.0.1",
				"require-directory": "^2.1.1",
				"require-main-filename": "^2.0.0",
				"set-blocking": "^2.0.0",
				"string-width": "^3.0.0",
				"which-module": "^2.0.0",
				"y18n": "^4.0.0",
				"yargs-parser": "^13.1.2"
			}
		},
		"node_modules/yargs-parser": {
			"version": "13.1.2",
			"license": "ISC",
			"dependencies": {
				"camelcase": "^5.0.0",
				"decamelize": "^1.2.0"
			}
		},
		"node_modules/yn": {
			"version": "3.1.1",
			"dev": true,
			"license": "MIT",
			"engines": {
				"node": ">=6"
			}
		}
	}
}
